// !$*UTF8*$!
{
	archiveVersion = 1;
	classes = {
	};
	objectVersion = 46;
	objects = {

/* Begin PBXBuildFile section */
		48A01AC91D25E54B008B8550 /* main.m in Sources */ = {isa = PBXBuildFile; fileRef = 48A01AC81D25E54B008B8550 /* main.m */; };
		48A01ACC1D25E54B008B8550 /* AppDelegate.m in Sources */ = {isa = PBXBuildFile; fileRef = 48A01ACB1D25E54B008B8550 /* AppDelegate.m */; };
		48A01ACF1D25E54B008B8550 /* Home.m in Sources */ = {isa = PBXBuildFile; fileRef = 48A01ACE1D25E54B008B8550 /* Home.m */; };
		48A01AD21D25E54B008B8550 /* Main.storyboard in Resources */ = {isa = PBXBuildFile; fileRef = 48A01AD01D25E54B008B8550 /* Main.storyboard */; };
		48A01AD51D25E54B008B8550 /* Lab05_NavC.xcdatamodeld in Sources */ = {isa = PBXBuildFile; fileRef = 48A01AD31D25E54B008B8550 /* Lab05_NavC.xcdatamodeld */; };
		48A01AD71D25E54B008B8550 /* Assets.xcassets in Resources */ = {isa = PBXBuildFile; fileRef = 48A01AD61D25E54B008B8550 /* Assets.xcassets */; };
		48A01ADA1D25E54B008B8550 /* LaunchScreen.storyboard in Resources */ = {isa = PBXBuildFile; fileRef = 48A01AD81D25E54B008B8550 /* LaunchScreen.storyboard */; };
		48A01AE71D25F72D008B8550 /* CellHome.m in Sources */ = {isa = PBXBuildFile; fileRef = 48A01AE51D25F72D008B8550 /* CellHome.m */; };
		48A01AE81D25F72D008B8550 /* CellHome.xib in Resources */ = {isa = PBXBuildFile; fileRef = 48A01AE61D25F72D008B8550 /* CellHome.xib */; };
		48A01B121D260BB5008B8550 /* ags.png in Resources */ = {isa = PBXBuildFile; fileRef = 48A01AEB1D260BB5008B8550 /* ags.png */; };
		48A01B131D260BB5008B8550 /* asientos.jpg in Resources */ = {isa = PBXBuildFile; fileRef = 48A01AED1D260BB5008B8550 /* asientos.jpg */; };
		48A01B141D260BB5008B8550 /* Calvillo.png in Resources */ = {isa = PBXBuildFile; fileRef = 48A01AEE1D260BB5008B8550 /* Calvillo.png */; };
		48A01B151D260BB5008B8550 /* jesusMaria.jpg.gif in Resources */ = {isa = PBXBuildFile; fileRef = 48A01AEF1D260BB5008B8550 /* jesusMaria.jpg.gif */; };
		48A01B161D260BB5008B8550 /* pabellon.jpg in Resources */ = {isa = PBXBuildFile; fileRef = 48A01AF01D260BB5008B8550 /* pabellon.jpg */; };
		48A01B171D260BB5008B8550 /* rincondeRomos.jpg in Resources */ = {isa = PBXBuildFile; fileRef = 48A01AF11D260BB5008B8550 /* rincondeRomos.jpg */; };
		48A01B181D260BB5008B8550 /* guan.jpg in Resources */ = {isa = PBXBuildFile; fileRef = 48A01AF31D260BB5008B8550 /* guan.jpg */; };
		48A01B191D260BB5008B8550 /* Guanajuato.png in Resources */ = {isa = PBXBuildFile; fileRef = 48A01AF51D260BB5008B8550 /* Guanajuato.png */; };
		48A01B1A1D260BB5008B8550 /* leonpng.png in Resources */ = {isa = PBXBuildFile; fileRef = 48A01AF61D260BB5008B8550 /* leonpng.png */; };
		48A01B1B1D260BB5008B8550 /* moroleonpng.png in Resources */ = {isa = PBXBuildFile; fileRef = 48A01AF71D260BB5008B8550 /* moroleonpng.png */; };
		48A01B1C1D260BB5008B8550 /* Salamancapng.png in Resources */ = {isa = PBXBuildFile; fileRef = 48A01AF81D260BB5008B8550 /* Salamancapng.png */; };
		48A01B1D1D260BB5008B8550 /* Valle_de_Santiago.png in Resources */ = {isa = PBXBuildFile; fileRef = 48A01AF91D260BB5008B8550 /* Valle_de_Santiago.png */; };
		48A01B1E1D260BB5008B8550 /* jal.jpg in Resources */ = {isa = PBXBuildFile; fileRef = 48A01AFB1D260BB5008B8550 /* jal.jpg */; };
		48A01B1F1D260BB5008B8550 /* encarnacion_de_diaz.jpg in Resources */ = {isa = PBXBuildFile; fileRef = 48A01AFD1D260BB5008B8550 /* encarnacion_de_diaz.jpg */; };
		48A01B201D260BB5008B8550 /* jalostotitlan.jpg in Resources */ = {isa = PBXBuildFile; fileRef = 48A01AFE1D260BB5008B8550 /* jalostotitlan.jpg */; };
		48A01B211D260BB5008B8550 /* mazamitla.gif in Resources */ = {isa = PBXBuildFile; fileRef = 48A01AFF1D260BB5008B8550 /* mazamitla.gif */; };
		48A01B221D260BB5008B8550 /* sanjuandeloslagos.png in Resources */ = {isa = PBXBuildFile; fileRef = 48A01B001D260BB5008B8550 /* sanjuandeloslagos.png */; };
		48A01B231D260BB5008B8550 /* tequila.jpg in Resources */ = {isa = PBXBuildFile; fileRef = 48A01B011D260BB5008B8550 /* tequila.jpg */; };
		48A01B241D260BB5008B8550 /* mor.jpg in Resources */ = {isa = PBXBuildFile; fileRef = 48A01B031D260BB5008B8550 /* mor.jpg */; };
		48A01B251D260BB5008B8550 /* Axochiapan.jpg in Resources */ = {isa = PBXBuildFile; fileRef = 48A01B051D260BB5008B8550 /* Axochiapan.jpg */; };
		48A01B261D260BB5008B8550 /* Cuautla.png in Resources */ = {isa = PBXBuildFile; fileRef = 48A01B061D260BB5008B8550 /* Cuautla.png */; };
		48A01B271D260BB5008B8550 /* Emiliano_Zapata.jpg in Resources */ = {isa = PBXBuildFile; fileRef = 48A01B071D260BB5008B8550 /* Emiliano_Zapata.jpg */; };
		48A01B281D260BB5008B8550 /* Temixco.jpg in Resources */ = {isa = PBXBuildFile; fileRef = 48A01B081D260BB5008B8550 /* Temixco.jpg */; };
		48A01B291D260BB5008B8550 /* Totolapan.png in Resources */ = {isa = PBXBuildFile; fileRef = 48A01B091D260BB5008B8550 /* Totolapan.png */; };
		48A01B2A1D260BB5008B8550 /* NL.jpg in Resources */ = {isa = PBXBuildFile; fileRef = 48A01B0B1D260BB5008B8550 /* NL.jpg */; };
		48A01B2B1D260BB5008B8550 /* abasolo.jpg in Resources */ = {isa = PBXBuildFile; fileRef = 48A01B0D1D260BB5008B8550 /* abasolo.jpg */; };
		48A01B2C1D260BB5008B8550 /* allende.jpg in Resources */ = {isa = PBXBuildFile; fileRef = 48A01B0E1D260BB5008B8550 /* allende.jpg */; };
		48A01B2D1D260BB5008B8550 /* GeneralBravo.jpg in Resources */ = {isa = PBXBuildFile; fileRef = 48A01B0F1D260BB5008B8550 /* GeneralBravo.jpg */; };
		48A01B2E1D260BB5008B8550 /* SantaCatarina.jpg in Resources */ = {isa = PBXBuildFile; fileRef = 48A01B101D260BB5008B8550 /* SantaCatarina.jpg */; };
		48A01B2F1D260BB5008B8550 /* Villaldama.jpg in Resources */ = {isa = PBXBuildFile; fileRef = 48A01B111D260BB5008B8550 /* Villaldama.jpg */; };
		48A01B321D261BB9008B8550 /* SecondPage.m in Sources */ = {isa = PBXBuildFile; fileRef = 48A01B311D261BB9008B8550 /* SecondPage.m */; };
		48A01B361D26249F008B8550 /* CellSecondP.m in Sources */ = {isa = PBXBuildFile; fileRef = 48A01B341D26249F008B8550 /* CellSecondP.m */; };
		48A01B371D26249F008B8550 /* CellSecondP.xib in Resources */ = {isa = PBXBuildFile; fileRef = 48A01B351D26249F008B8550 /* CellSecondP.xib */; };
		48A01B3A1D2638D6008B8550 /* ThirdPage.m in Sources */ = {isa = PBXBuildFile; fileRef = 48A01B391D2638D6008B8550 /* ThirdPage.m */; };
/* End PBXBuildFile section */

/* Begin PBXFileReference section */
		48A01AC41D25E54B008B8550 /* Lab05_NavC.app */ = {isa = PBXFileReference; explicitFileType = wrapper.application; includeInIndex = 0; path = Lab05_NavC.app; sourceTree = BUILT_PRODUCTS_DIR; };
		48A01AC81D25E54B008B8550 /* main.m */ = {isa = PBXFileReference; lastKnownFileType = sourcecode.c.objc; path = main.m; sourceTree = "<group>"; };
		48A01ACA1D25E54B008B8550 /* AppDelegate.h */ = {isa = PBXFileReference; lastKnownFileType = sourcecode.c.h; path = AppDelegate.h; sourceTree = "<group>"; };
		48A01ACB1D25E54B008B8550 /* AppDelegate.m */ = {isa = PBXFileReference; lastKnownFileType = sourcecode.c.objc; path = AppDelegate.m; sourceTree = "<group>"; };
		48A01ACD1D25E54B008B8550 /* Home.h */ = {isa = PBXFileReference; lastKnownFileType = sourcecode.c.h; path = Home.h; sourceTree = "<group>"; };
		48A01ACE1D25E54B008B8550 /* Home.m */ = {isa = PBXFileReference; lastKnownFileType = sourcecode.c.objc; path = Home.m; sourceTree = "<group>"; };
		48A01AD11D25E54B008B8550 /* Base */ = {isa = PBXFileReference; lastKnownFileType = file.storyboard; name = Base; path = Base.lproj/Main.storyboard; sourceTree = "<group>"; };
		48A01AD41D25E54B008B8550 /* Lab05_NavC.xcdatamodel */ = {isa = PBXFileReference; lastKnownFileType = wrapper.xcdatamodel; path = Lab05_NavC.xcdatamodel; sourceTree = "<group>"; };
		48A01AD61D25E54B008B8550 /* Assets.xcassets */ = {isa = PBXFileReference; lastKnownFileType = folder.assetcatalog; path = Assets.xcassets; sourceTree = "<group>"; };
		48A01AD91D25E54B008B8550 /* Base */ = {isa = PBXFileReference; lastKnownFileType = file.storyboard; name = Base; path = Base.lproj/LaunchScreen.storyboard; sourceTree = "<group>"; };
		48A01ADB1D25E54B008B8550 /* Info.plist */ = {isa = PBXFileReference; lastKnownFileType = text.plist.xml; path = Info.plist; sourceTree = "<group>"; };
		48A01AE41D25F72D008B8550 /* CellHome.h */ = {isa = PBXFileReference; fileEncoding = 4; lastKnownFileType = sourcecode.c.h; path = CellHome.h; sourceTree = "<group>"; };
		48A01AE51D25F72D008B8550 /* CellHome.m */ = {isa = PBXFileReference; fileEncoding = 4; lastKnownFileType = sourcecode.c.objc; path = CellHome.m; sourceTree = "<group>"; };
		48A01AE61D25F72D008B8550 /* CellHome.xib */ = {isa = PBXFileReference; fileEncoding = 4; lastKnownFileType = file.xib; path = CellHome.xib; sourceTree = "<group>"; };
		48A01AEB1D260BB5008B8550 /* ags.png */ = {isa = PBXFileReference; lastKnownFileType = image.png; path = ags.png; sourceTree = "<group>"; };
		48A01AED1D260BB5008B8550 /* asientos.jpg */ = {isa = PBXFileReference; lastKnownFileType = image.jpeg; path = asientos.jpg; sourceTree = "<group>"; };
		48A01AEE1D260BB5008B8550 /* Calvillo.png */ = {isa = PBXFileReference; lastKnownFileType = image.png; path = Calvillo.png; sourceTree = "<group>"; };
		48A01AEF1D260BB5008B8550 /* jesusMaria.jpg.gif */ = {isa = PBXFileReference; lastKnownFileType = image.gif; path = jesusMaria.jpg.gif; sourceTree = "<group>"; };
		48A01AF01D260BB5008B8550 /* pabellon.jpg */ = {isa = PBXFileReference; lastKnownFileType = image.jpeg; path = pabellon.jpg; sourceTree = "<group>"; };
		48A01AF11D260BB5008B8550 /* rincondeRomos.jpg */ = {isa = PBXFileReference; lastKnownFileType = image.jpeg; path = rincondeRomos.jpg; sourceTree = "<group>"; };
		48A01AF31D260BB5008B8550 /* guan.jpg */ = {isa = PBXFileReference; lastKnownFileType = image.jpeg; path = guan.jpg; sourceTree = "<group>"; };
		48A01AF51D260BB5008B8550 /* Guanajuato.png */ = {isa = PBXFileReference; lastKnownFileType = image.png; path = Guanajuato.png; sourceTree = "<group>"; };
		48A01AF61D260BB5008B8550 /* leonpng.png */ = {isa = PBXFileReference; lastKnownFileType = image.png; path = leonpng.png; sourceTree = "<group>"; };
		48A01AF71D260BB5008B8550 /* moroleonpng.png */ = {isa = PBXFileReference; lastKnownFileType = image.png; path = moroleonpng.png; sourceTree = "<group>"; };
		48A01AF81D260BB5008B8550 /* Salamancapng.png */ = {isa = PBXFileReference; lastKnownFileType = image.png; path = Salamancapng.png; sourceTree = "<group>"; };
		48A01AF91D260BB5008B8550 /* Valle_de_Santiago.png */ = {isa = PBXFileReference; lastKnownFileType = image.png; path = Valle_de_Santiago.png; sourceTree = "<group>"; };
		48A01AFB1D260BB5008B8550 /* jal.jpg */ = {isa = PBXFileReference; lastKnownFileType = image.jpeg; path = jal.jpg; sourceTree = "<group>"; };
		48A01AFD1D260BB5008B8550 /* encarnacion_de_diaz.jpg */ = {isa = PBXFileReference; lastKnownFileType = image.jpeg; path = encarnacion_de_diaz.jpg; sourceTree = "<group>"; };
		48A01AFE1D260BB5008B8550 /* jalostotitlan.jpg */ = {isa = PBXFileReference; lastKnownFileType = image.jpeg; path = jalostotitlan.jpg; sourceTree = "<group>"; };
		48A01AFF1D260BB5008B8550 /* mazamitla.gif */ = {isa = PBXFileReference; lastKnownFileType = image.gif; path = mazamitla.gif; sourceTree = "<group>"; };
		48A01B001D260BB5008B8550 /* sanjuandeloslagos.png */ = {isa = PBXFileReference; lastKnownFileType = image.png; path = sanjuandeloslagos.png; sourceTree = "<group>"; };
		48A01B011D260BB5008B8550 /* tequila.jpg */ = {isa = PBXFileReference; lastKnownFileType = image.jpeg; path = tequila.jpg; sourceTree = "<group>"; };
		48A01B031D260BB5008B8550 /* mor.jpg */ = {isa = PBXFileReference; lastKnownFileType = image.jpeg; path = mor.jpg; sourceTree = "<group>"; };
		48A01B051D260BB5008B8550 /* Axochiapan.jpg */ = {isa = PBXFileReference; lastKnownFileType = image.jpeg; path = Axochiapan.jpg; sourceTree = "<group>"; };
		48A01B061D260BB5008B8550 /* Cuautla.png */ = {isa = PBXFileReference; lastKnownFileType = image.png; path = Cuautla.png; sourceTree = "<group>"; };
		48A01B071D260BB5008B8550 /* Emiliano_Zapata.jpg */ = {isa = PBXFileReference; lastKnownFileType = image.jpeg; path = Emiliano_Zapata.jpg; sourceTree = "<group>"; };
		48A01B081D260BB5008B8550 /* Temixco.jpg */ = {isa = PBXFileReference; lastKnownFileType = image.jpeg; path = Temixco.jpg; sourceTree = "<group>"; };
		48A01B091D260BB5008B8550 /* Totolapan.png */ = {isa = PBXFileReference; lastKnownFileType = image.png; path = Totolapan.png; sourceTree = "<group>"; };
		48A01B0B1D260BB5008B8550 /* NL.jpg */ = {isa = PBXFileReference; lastKnownFileType = image.jpeg; path = NL.jpg; sourceTree = "<group>"; };
		48A01B0D1D260BB5008B8550 /* abasolo.jpg */ = {isa = PBXFileReference; lastKnownFileType = image.jpeg; path = abasolo.jpg; sourceTree = "<group>"; };
		48A01B0E1D260BB5008B8550 /* allende.jpg */ = {isa = PBXFileReference; lastKnownFileType = image.jpeg; path = allende.jpg; sourceTree = "<group>"; };
		48A01B0F1D260BB5008B8550 /* GeneralBravo.jpg */ = {isa = PBXFileReference; lastKnownFileType = image.jpeg; path = GeneralBravo.jpg; sourceTree = "<group>"; };
		48A01B101D260BB5008B8550 /* SantaCatarina.jpg */ = {isa = PBXFileReference; lastKnownFileType = image.jpeg; path = SantaCatarina.jpg; sourceTree = "<group>"; };
		48A01B111D260BB5008B8550 /* Villaldama.jpg */ = {isa = PBXFileReference; lastKnownFileType = image.jpeg; path = Villaldama.jpg; sourceTree = "<group>"; };
		48A01B301D261BB9008B8550 /* SecondPage.h */ = {isa = PBXFileReference; fileEncoding = 4; lastKnownFileType = sourcecode.c.h; path = SecondPage.h; sourceTree = "<group>"; };
		48A01B311D261BB9008B8550 /* SecondPage.m */ = {isa = PBXFileReference; fileEncoding = 4; lastKnownFileType = sourcecode.c.objc; path = SecondPage.m; sourceTree = "<group>"; };
		48A01B331D26249F008B8550 /* CellSecondP.h */ = {isa = PBXFileReference; fileEncoding = 4; lastKnownFileType = sourcecode.c.h; path = CellSecondP.h; sourceTree = "<group>"; };
		48A01B341D26249F008B8550 /* CellSecondP.m */ = {isa = PBXFileReference; fileEncoding = 4; lastKnownFileType = sourcecode.c.objc; path = CellSecondP.m; sourceTree = "<group>"; };
		48A01B351D26249F008B8550 /* CellSecondP.xib */ = {isa = PBXFileReference; fileEncoding = 4; lastKnownFileType = file.xib; path = CellSecondP.xib; sourceTree = "<group>"; };
		48A01B381D2638D6008B8550 /* ThirdPage.h */ = {isa = PBXFileReference; fileEncoding = 4; lastKnownFileType = sourcecode.c.h; path = ThirdPage.h; sourceTree = "<group>"; };
		48A01B391D2638D6008B8550 /* ThirdPage.m */ = {isa = PBXFileReference; fileEncoding = 4; lastKnownFileType = sourcecode.c.objc; path = ThirdPage.m; sourceTree = "<group>"; };
/* End PBXFileReference section */

/* Begin PBXFrameworksBuildPhase section */
		48A01AC11D25E54B008B8550 /* Frameworks */ = {
			isa = PBXFrameworksBuildPhase;
			buildActionMask = 2147483647;
			files = (
			);
			runOnlyForDeploymentPostprocessing = 0;
		};
/* End PBXFrameworksBuildPhase section */

/* Begin PBXGroup section */
		48A01ABB1D25E54B008B8550 = {
			isa = PBXGroup;
			children = (
				48A01AC61D25E54B008B8550 /* Lab05_NavC */,
				48A01AC51D25E54B008B8550 /* Products */,
			);
			sourceTree = "<group>";
		};
		48A01AC51D25E54B008B8550 /* Products */ = {
			isa = PBXGroup;
			children = (
				48A01AC41D25E54B008B8550 /* Lab05_NavC.app */,
			);
			name = Products;
			sourceTree = "<group>";
		};
		48A01AC61D25E54B008B8550 /* Lab05_NavC */ = {
			isa = PBXGroup;
			children = (
				48A01AE91D260BB5008B8550 /* estados */,
				48A01AE21D25E5AB008B8550 /* Main */,
				48A01AE11D25E5A2008B8550 /* Controllers */,
				48A01AE31D25F665008B8550 /* Cells */,
				48A01AD01D25E54B008B8550 /* Main.storyboard */,
				48A01AD61D25E54B008B8550 /* Assets.xcassets */,
				48A01AD81D25E54B008B8550 /* LaunchScreen.storyboard */,
				48A01ADB1D25E54B008B8550 /* Info.plist */,
				48A01AD31D25E54B008B8550 /* Lab05_NavC.xcdatamodeld */,
				48A01AC71D25E54B008B8550 /* Supporting Files */,
			);
			path = Lab05_NavC;
			sourceTree = "<group>";
		};
		48A01AC71D25E54B008B8550 /* Supporting Files */ = {
			isa = PBXGroup;
			children = (
				48A01AC81D25E54B008B8550 /* main.m */,
			);
			name = "Supporting Files";
			sourceTree = "<group>";
		};
		48A01AE11D25E5A2008B8550 /* Controllers */ = {
			isa = PBXGroup;
			children = (
				48A01ACD1D25E54B008B8550 /* Home.h */,
				48A01ACE1D25E54B008B8550 /* Home.m */,
				48A01B301D261BB9008B8550 /* SecondPage.h */,
				48A01B311D261BB9008B8550 /* SecondPage.m */,
				48A01B381D2638D6008B8550 /* ThirdPage.h */,
				48A01B391D2638D6008B8550 /* ThirdPage.m */,
			);
			name = Controllers;
			sourceTree = "<group>";
		};
		48A01AE21D25E5AB008B8550 /* Main */ = {
			isa = PBXGroup;
			children = (
				48A01ACA1D25E54B008B8550 /* AppDelegate.h */,
				48A01ACB1D25E54B008B8550 /* AppDelegate.m */,
			);
			name = Main;
			sourceTree = "<group>";
		};
		48A01AE31D25F665008B8550 /* Cells */ = {
			isa = PBXGroup;
			children = (
				48A01AE41D25F72D008B8550 /* CellHome.h */,
				48A01AE51D25F72D008B8550 /* CellHome.m */,
				48A01AE61D25F72D008B8550 /* CellHome.xib */,
				48A01B331D26249F008B8550 /* CellSecondP.h */,
				48A01B341D26249F008B8550 /* CellSecondP.m */,
				48A01B351D26249F008B8550 /* CellSecondP.xib */,
			);
			name = Cells;
			sourceTree = "<group>";
		};
		48A01AE91D260BB5008B8550 /* estados */ = {
			isa = PBXGroup;
			children = (
				48A01AEA1D260BB5008B8550 /* Ags */,
				48A01AF21D260BB5008B8550 /* Guanajuto */,
				48A01AFA1D260BB5008B8550 /* Jal */,
				48A01B021D260BB5008B8550 /* morelos */,
				48A01B0A1D260BB5008B8550 /* NL */,
			);
			path = estados;
			sourceTree = "<group>";
		};
		48A01AEA1D260BB5008B8550 /* Ags */ = {
			isa = PBXGroup;
			children = (
				48A01AEB1D260BB5008B8550 /* ags.png */,
				48A01AEC1D260BB5008B8550 /* mun */,
			);
			path = Ags;
			sourceTree = "<group>";
		};
		48A01AEC1D260BB5008B8550 /* mun */ = {
			isa = PBXGroup;
			children = (
				48A01AED1D260BB5008B8550 /* asientos.jpg */,
				48A01AEE1D260BB5008B8550 /* Calvillo.png */,
				48A01AEF1D260BB5008B8550 /* jesusMaria.jpg.gif */,
				48A01AF01D260BB5008B8550 /* pabellon.jpg */,
				48A01AF11D260BB5008B8550 /* rincondeRomos.jpg */,
			);
			path = mun;
			sourceTree = "<group>";
		};
		48A01AF21D260BB5008B8550 /* Guanajuto */ = {
			isa = PBXGroup;
			children = (
				48A01AF31D260BB5008B8550 /* guan.jpg */,
				48A01AF41D260BB5008B8550 /* mun */,
			);
			path = Guanajuto;
			sourceTree = "<group>";
		};
		48A01AF41D260BB5008B8550 /* mun */ = {
			isa = PBXGroup;
			children = (
				48A01AF51D260BB5008B8550 /* Guanajuato.png */,
				48A01AF61D260BB5008B8550 /* leonpng.png */,
				48A01AF71D260BB5008B8550 /* moroleonpng.png */,
				48A01AF81D260BB5008B8550 /* Salamancapng.png */,
				48A01AF91D260BB5008B8550 /* Valle_de_Santiago.png */,
			);
			path = mun;
			sourceTree = "<group>";
		};
		48A01AFA1D260BB5008B8550 /* Jal */ = {
			isa = PBXGroup;
			children = (
				48A01AFB1D260BB5008B8550 /* jal.jpg */,
				48A01AFC1D260BB5008B8550 /* mun */,
			);
			path = Jal;
			sourceTree = "<group>";
		};
		48A01AFC1D260BB5008B8550 /* mun */ = {
			isa = PBXGroup;
			children = (
				48A01AFD1D260BB5008B8550 /* encarnacion_de_diaz.jpg */,
				48A01AFE1D260BB5008B8550 /* jalostotitlan.jpg */,
				48A01AFF1D260BB5008B8550 /* mazamitla.gif */,
				48A01B001D260BB5008B8550 /* sanjuandeloslagos.png */,
				48A01B011D260BB5008B8550 /* tequila.jpg */,
			);
			path = mun;
			sourceTree = "<group>";
		};
		48A01B021D260BB5008B8550 /* morelos */ = {
			isa = PBXGroup;
			children = (
				48A01B031D260BB5008B8550 /* mor.jpg */,
				48A01B041D260BB5008B8550 /* mun */,
			);
			path = morelos;
			sourceTree = "<group>";
		};
		48A01B041D260BB5008B8550 /* mun */ = {
			isa = PBXGroup;
			children = (
				48A01B051D260BB5008B8550 /* Axochiapan.jpg */,
				48A01B061D260BB5008B8550 /* Cuautla.png */,
				48A01B071D260BB5008B8550 /* Emiliano_Zapata.jpg */,
				48A01B081D260BB5008B8550 /* Temixco.jpg */,
				48A01B091D260BB5008B8550 /* Totolapan.png */,
			);
			path = mun;
			sourceTree = "<group>";
		};
		48A01B0A1D260BB5008B8550 /* NL */ = {
			isa = PBXGroup;
			children = (
				48A01B0B1D260BB5008B8550 /* NL.jpg */,
				48A01B0C1D260BB5008B8550 /* mun */,
			);
			path = NL;
			sourceTree = "<group>";
		};
		48A01B0C1D260BB5008B8550 /* mun */ = {
			isa = PBXGroup;
			children = (
				48A01B0D1D260BB5008B8550 /* abasolo.jpg */,
				48A01B0E1D260BB5008B8550 /* allende.jpg */,
				48A01B0F1D260BB5008B8550 /* GeneralBravo.jpg */,
				48A01B101D260BB5008B8550 /* SantaCatarina.jpg */,
				48A01B111D260BB5008B8550 /* Villaldama.jpg */,
			);
			path = mun;
			sourceTree = "<group>";
		};
/* End PBXGroup section */

/* Begin PBXNativeTarget section */
		48A01AC31D25E54B008B8550 /* Lab05_NavC */ = {
			isa = PBXNativeTarget;
			buildConfigurationList = 48A01ADE1D25E54B008B8550 /* Build configuration list for PBXNativeTarget "Lab05_NavC" */;
			buildPhases = (
				48A01AC01D25E54B008B8550 /* Sources */,
				48A01AC11D25E54B008B8550 /* Frameworks */,
				48A01AC21D25E54B008B8550 /* Resources */,
			);
			buildRules = (
			);
			dependencies = (
			);
			name = Lab05_NavC;
			productName = Lab05_NavC;
			productReference = 48A01AC41D25E54B008B8550 /* Lab05_NavC.app */;
			productType = "com.apple.product-type.application";
		};
/* End PBXNativeTarget section */

/* Begin PBXProject section */
		48A01ABC1D25E54B008B8550 /* Project object */ = {
			isa = PBXProject;
			attributes = {
				LastUpgradeCheck = 0710;
				ORGANIZATIONNAME = "Luis Diaz";
				TargetAttributes = {
					48A01AC31D25E54B008B8550 = {
						CreatedOnToolsVersion = 7.1.1;
					};
				};
			};
			buildConfigurationList = 48A01ABF1D25E54B008B8550 /* Build configuration list for PBXProject "Lab05_NavC" */;
			compatibilityVersion = "Xcode 3.2";
			developmentRegion = English;
			hasScannedForEncodings = 0;
			knownRegions = (
				en,
				Base,
			);
			mainGroup = 48A01ABB1D25E54B008B8550;
			productRefGroup = 48A01AC51D25E54B008B8550 /* Products */;
			projectDirPath = "";
			projectRoot = "";
			targets = (
				48A01AC31D25E54B008B8550 /* Lab05_NavC */,
			);
		};
/* End PBXProject section */

/* Begin PBXResourcesBuildPhase section */
		48A01AC21D25E54B008B8550 /* Resources */ = {
			isa = PBXResourcesBuildPhase;
			buildActionMask = 2147483647;
			files = (
				48A01B1B1D260BB5008B8550 /* moroleonpng.png in Resources */,
				48A01B2B1D260BB5008B8550 /* abasolo.jpg in Resources */,
				48A01B251D260BB5008B8550 /* Axochiapan.jpg in Resources */,
				48A01ADA1D25E54B008B8550 /* LaunchScreen.storyboard in Resources */,
				48A01B201D260BB5008B8550 /* jalostotitlan.jpg in Resources */,
				48A01B281D260BB5008B8550 /* Temixco.jpg in Resources */,
				48A01B241D260BB5008B8550 /* mor.jpg in Resources */,
				48A01B151D260BB5008B8550 /* jesusMaria.jpg.gif in Resources */,
				48A01B2E1D260BB5008B8550 /* SantaCatarina.jpg in Resources */,
				48A01B171D260BB5008B8550 /* rincondeRomos.jpg in Resources */,
				48A01B1A1D260BB5008B8550 /* leonpng.png in Resources */,
				48A01B1E1D260BB5008B8550 /* jal.jpg in Resources */,
				48A01B141D260BB5008B8550 /* Calvillo.png in Resources */,
				48A01B191D260BB5008B8550 /* Guanajuato.png in Resources */,
				48A01B211D260BB5008B8550 /* mazamitla.gif in Resources */,
				48A01B1C1D260BB5008B8550 /* Salamancapng.png in Resources */,
				48A01B131D260BB5008B8550 /* asientos.jpg in Resources */,
				48A01B371D26249F008B8550 /* CellSecondP.xib in Resources */,
				48A01B271D260BB5008B8550 /* Emiliano_Zapata.jpg in Resources */,
				48A01B1F1D260BB5008B8550 /* encarnacion_de_diaz.jpg in Resources */,
				48A01B1D1D260BB5008B8550 /* Valle_de_Santiago.png in Resources */,
				48A01B2C1D260BB5008B8550 /* allende.jpg in Resources */,
				48A01B161D260BB5008B8550 /* pabellon.jpg in Resources */,
				48A01B231D260BB5008B8550 /* tequila.jpg in Resources */,
				48A01B2A1D260BB5008B8550 /* NL.jpg in Resources */,
				48A01B2D1D260BB5008B8550 /* GeneralBravo.jpg in Resources */,
				48A01AD71D25E54B008B8550 /* Assets.xcassets in Resources */,
				48A01B121D260BB5008B8550 /* ags.png in Resources */,
				48A01B181D260BB5008B8550 /* guan.jpg in Resources */,
				48A01B221D260BB5008B8550 /* sanjuandeloslagos.png in Resources */,
				48A01AE81D25F72D008B8550 /* CellHome.xib in Resources */,
				48A01B2F1D260BB5008B8550 /* Villaldama.jpg in Resources */,
				48A01B261D260BB5008B8550 /* Cuautla.png in Resources */,
				48A01B291D260BB5008B8550 /* Totolapan.png in Resources */,
				48A01AD21D25E54B008B8550 /* Main.storyboard in Resources */,
			);
			runOnlyForDeploymentPostprocessing = 0;
		};
/* End PBXResourcesBuildPhase section */

/* Begin PBXSourcesBuildPhase section */
		48A01AC01D25E54B008B8550 /* Sources */ = {
			isa = PBXSourcesBuildPhase;
			buildActionMask = 2147483647;
			files = (
				48A01ACF1D25E54B008B8550 /* Home.m in Sources */,
				48A01ACC1D25E54B008B8550 /* AppDelegate.m in Sources */,
				48A01AE71D25F72D008B8550 /* CellHome.m in Sources */,
				48A01AD51D25E54B008B8550 /* Lab05_NavC.xcdatamodeld in Sources */,
				48A01B361D26249F008B8550 /* CellSecondP.m in Sources */,
				48A01B321D261BB9008B8550 /* SecondPage.m in Sources */,
				48A01B3A1D2638D6008B8550 /* ThirdPage.m in Sources */,
				48A01AC91D25E54B008B8550 /* main.m in Sources */,
			);
			runOnlyForDeploymentPostprocessing = 0;
		};
/* End PBXSourcesBuildPhase section */

/* Begin PBXVariantGroup section */
		48A01AD01D25E54B008B8550 /* Main.storyboard */ = {
			isa = PBXVariantGroup;
			children = (
				48A01AD11D25E54B008B8550 /* Base */,
			);
			name = Main.storyboard;
			sourceTree = "<group>";
		};
		48A01AD81D25E54B008B8550 /* LaunchScreen.storyboard */ = {
			isa = PBXVariantGroup;
			children = (
				48A01AD91D25E54B008B8550 /* Base */,
			);
			name = LaunchScreen.storyboard;
			sourceTree = "<group>";
		};
/* End PBXVariantGroup section */

/* Begin XCBuildConfiguration section */
		48A01ADC1D25E54B008B8550 /* Debug */ = {
			isa = XCBuildConfiguration;
			buildSettings = {
				ALWAYS_SEARCH_USER_PATHS = NO;
				CLANG_CXX_LANGUAGE_STANDARD = "gnu++0x";
				CLANG_CXX_LIBRARY = "libc++";
				CLANG_ENABLE_MODULES = YES;
				CLANG_ENABLE_OBJC_ARC = YES;
				CLANG_WARN_BOOL_CONVERSION = YES;
				CLANG_WARN_CONSTANT_CONVERSION = YES;
				CLANG_WARN_DIRECT_OBJC_ISA_USAGE = YES_ERROR;
				CLANG_WARN_EMPTY_BODY = YES;
				CLANG_WARN_ENUM_CONVERSION = YES;
				CLANG_WARN_INT_CONVERSION = YES;
				CLANG_WARN_OBJC_ROOT_CLASS = YES_ERROR;
				CLANG_WARN_UNREACHABLE_CODE = YES;
				CLANG_WARN__DUPLICATE_METHOD_MATCH = YES;
				"CODE_SIGN_IDENTITY[sdk=iphoneos*]" = "iPhone Developer";
				COPY_PHASE_STRIP = NO;
				DEBUG_INFORMATION_FORMAT = dwarf;
				ENABLE_STRICT_OBJC_MSGSEND = YES;
				ENABLE_TESTABILITY = YES;
				GCC_C_LANGUAGE_STANDARD = gnu99;
				GCC_DYNAMIC_NO_PIC = NO;
				GCC_NO_COMMON_BLOCKS = YES;
				GCC_OPTIMIZATION_LEVEL = 0;
				GCC_PREPROCESSOR_DEFINITIONS = (
					"DEBUG=1",
					"$(inherited)",
				);
				GCC_WARN_64_TO_32_BIT_CONVERSION = YES;
				GCC_WARN_ABOUT_RETURN_TYPE = YES_ERROR;
				GCC_WARN_UNDECLARED_SELECTOR = YES;
				GCC_WARN_UNINITIALIZED_AUTOS = YES_AGGRESSIVE;
				GCC_WARN_UNUSED_FUNCTION = YES;
				GCC_WARN_UNUSED_VARIABLE = YES;
				IPHONEOS_DEPLOYMENT_TARGET = 9.1;
				MTL_ENABLE_DEBUG_INFO = YES;
				ONLY_ACTIVE_ARCH = YES;
				SDKROOT = iphoneos;
			};
			name = Debug;
		};
		48A01ADD1D25E54B008B8550 /* Release */ = {
			isa = XCBuildConfiguration;
			buildSettings = {
				ALWAYS_SEARCH_USER_PATHS = NO;
				CLANG_CXX_LANGUAGE_STANDARD = "gnu++0x";
				CLANG_CXX_LIBRARY = "libc++";
				CLANG_ENABLE_MODULES = YES;
				CLANG_ENABLE_OBJC_ARC = YES;
				CLANG_WARN_BOOL_CONVERSION = YES;
				CLANG_WARN_CONSTANT_CONVERSION = YES;
				CLANG_WARN_DIRECT_OBJC_ISA_USAGE = YES_ERROR;
				CLANG_WARN_EMPTY_BODY = YES;
				CLANG_WARN_ENUM_CONVERSION = YES;
				CLANG_WARN_INT_CONVERSION = YES;
				CLANG_WARN_OBJC_ROOT_CLASS = YES_ERROR;
				CLANG_WARN_UNREACHABLE_CODE = YES;
				CLANG_WARN__DUPLICATE_METHOD_MATCH = YES;
				"CODE_SIGN_IDENTITY[sdk=iphoneos*]" = "iPhone Developer";
				COPY_PHASE_STRIP = NO;
				DEBUG_INFORMATION_FORMAT = "dwarf-with-dsym";
				ENABLE_NS_ASSERTIONS = NO;
				ENABLE_STRICT_OBJC_MSGSEND = YES;
				GCC_C_LANGUAGE_STANDARD = gnu99;
				GCC_NO_COMMON_BLOCKS = YES;
				GCC_WARN_64_TO_32_BIT_CONVERSION = YES;
				GCC_WARN_ABOUT_RETURN_TYPE = YES_ERROR;
				GCC_WARN_UNDECLARED_SELECTOR = YES;
				GCC_WARN_UNINITIALIZED_AUTOS = YES_AGGRESSIVE;
				GCC_WARN_UNUSED_FUNCTION = YES;
				GCC_WARN_UNUSED_VARIABLE = YES;
				IPHONEOS_DEPLOYMENT_TARGET = 9.1;
				MTL_ENABLE_DEBUG_INFO = NO;
				SDKROOT = iphoneos;
				VALIDATE_PRODUCT = YES;
			};
			name = Release;
		};
		48A01ADF1D25E54B008B8550 /* Debug */ = {
			isa = XCBuildConfiguration;
			buildSettings = {
				ASSETCATALOG_COMPILER_APPICON_NAME = AppIcon;
				INFOPLIST_FILE = Lab05_NavC/Info.plist;
				LD_RUNPATH_SEARCH_PATHS = "$(inherited) @executable_path/Frameworks";
				PRODUCT_BUNDLE_IDENTIFIER = "com.Luis.Lab05-NavC";
				PRODUCT_NAME = "$(TARGET_NAME)";
			};
			name = Debug;
		};
		48A01AE01D25E54B008B8550 /* Release */ = {
			isa = XCBuildConfiguration;
			buildSettings = {
				ASSETCATALOG_COMPILER_APPICON_NAME = AppIcon;
				INFOPLIST_FILE = Lab05_NavC/Info.plist;
				LD_RUNPATH_SEARCH_PATHS = "$(inherited) @executable_path/Frameworks";
				PRODUCT_BUNDLE_IDENTIFIER = "com.Luis.Lab05-NavC";
				PRODUCT_NAME = "$(TARGET_NAME)";
			};
			name = Release;
		};
/* End XCBuildConfiguration section */

/* Begin XCConfigurationList section */
		48A01ABF1D25E54B008B8550 /* Build configuration list for PBXProject "Lab05_NavC" */ = {
			isa = XCConfigurationList;
			buildConfigurations = (
				48A01ADC1D25E54B008B8550 /* Debug */,
				48A01ADD1D25E54B008B8550 /* Release */,
			);
			defaultConfigurationIsVisible = 0;
			defaultConfigurationName = Release;
		};
		48A01ADE1D25E54B008B8550 /* Build configuration list for PBXNativeTarget "Lab05_NavC" */ = {
			isa = XCConfigurationList;
			buildConfigurations = (
				48A01ADF1D25E54B008B8550 /* Debug */,
				48A01AE01D25E54B008B8550 /* Release */,
			);
			defaultConfigurationIsVisible = 0;
		};
/* End XCConfigurationList section */

/* Begin XCVersionGroup section */
		48A01AD31D25E54B008B8550 /* Lab05_NavC.xcdatamodeld */ = {
			isa = XCVersionGroup;
			children = (
				48A01AD41D25E54B008B8550 /* Lab05_NavC.xcdatamodel */,
			);
			currentVersion = 48A01AD41D25E54B008B8550 /* Lab05_NavC.xcdatamodel */;
			path = Lab05_NavC.xcdatamodeld;
			sourceTree = "<group>";
			versionGroupType = wrapper.xcdatamodel;
		};
/* End XCVersionGroup section */
	};
	rootObject = 48A01ABC1D25E54B008B8550 /* Project object */;
}
